// !$*UTF8*$!
{
	archiveVersion = 1;
	classes = {
	};
	objectVersion = 56;
	objects = {

/* Begin PBXBuildFile section */
		A10000010000000000000001 /* AtelierApp.swift in Sources */ = {isa = PBXBuildFile; fileRef = A10000020000000000000001 /* AtelierApp.swift */; };
		A10000010000000000000002 /* LandingView.swift in Sources */ = {isa = PBXBuildFile; fileRef = A10000020000000000000002 /* LandingView.swift */; };
		A10000010000000000000003 /* Assets.xcassets in Resources */ = {isa = PBXBuildFile; fileRef = A10000020000000000000003 /* Assets.xcassets */; };
		A10000010000000000000004 /* CameraPicker.swift in Sources */ = {isa = PBXBuildFile; fileRef = A10000020000000000000004 /* CameraPicker.swift */; };
		A10000010000000000000005 /* StyleSelectionView.swift in Sources */ = {isa = PBXBuildFile; fileRef = A10000020000000000000005 /* StyleSelectionView.swift */; };
		A10000010000000000000006 /* AppBackground.swift in Sources */ = {isa = PBXBuildFile; fileRef = A10000020000000000000006 /* AppBackground.swift */; };
		A10000010000000000000007 /* DesignStyle.swift in Sources */ = {isa = PBXBuildFile; fileRef = A10000020000000000000007 /* DesignStyle.swift */; };
		A10000010000000000000008 /* StyleCard.swift in Sources */ = {isa = PBXBuildFile; fileRef = A10000020000000000000008 /* StyleCard.swift */; };
		A10000010000000000000009 /* RedesignSummaryView.swift in Sources */ = {isa = PBXBuildFile; fileRef = A10000020000000000000009 /* RedesignSummaryView.swift */; };
		A10000010000000000000010 /* APIConfiguration.swift in Sources */ = {isa = PBXBuildFile; fileRef = A10000020000000000000010 /* APIConfiguration.swift */; };
		A10000010000000000000011 /* AtelierAPIService.swift in Sources */ = {isa = PBXBuildFile; fileRef = A10000020000000000000011 /* AtelierAPIService.swift */; };
		A10000010000000000000012 /* ImageProcessor.swift in Sources */ = {isa = PBXBuildFile; fileRef = A10000020000000000000012 /* ImageProcessor.swift */; };
		A10000010000000000000013 /* GeneratingView.swift in Sources */ = {isa = PBXBuildFile; fileRef = A10000020000000000000013 /* GeneratingView.swift */; };
		A10000010000000000000014 /* ResultsView.swift in Sources */ = {isa = PBXBuildFile; fileRef = A10000020000000000000014 /* ResultsView.swift */; };
		A10000010000000000000015 /* Secrets.plist in Resources */ = {isa = PBXBuildFile; fileRef = A10000020000000000000015 /* Secrets.plist */; };
		A10000010000000000000016 /* AppRoute.swift in Sources */ = {isa = PBXBuildFile; fileRef = A10000020000000000000016 /* AppRoute.swift */; };
		A10000010000000000000017 /* AppFlow.swift in Sources */ = {isa = PBXBuildFile; fileRef = A10000020000000000000017 /* AppFlow.swift */; };
		A10000010000000000000018 /* BeforeAfterCompareView.swift in Sources */ = {isa = PBXBuildFile; fileRef = A10000020000000000000018 /* BeforeAfterCompareView.swift */; };
		A10000010000000000000019 /* ShareSheet.swift in Sources */ = {isa = PBXBuildFile; fileRef = A10000020000000000000019 /* ShareSheet.swift */; };
		A10000010000000000000020 /* SavedRoom.swift in Sources */ = {isa = PBXBuildFile; fileRef = A10000020000000000000020 /* SavedRoom.swift */; };
		A10000010000000000000021 /* KeychainStore.swift in Sources */ = {isa = PBXBuildFile; fileRef = A10000020000000000000021 /* KeychainStore.swift */; };
		A10000010000000000000022 /* AuthManager.swift in Sources */ = {isa = PBXBuildFile; fileRef = A10000020000000000000022 /* AuthManager.swift */; };
		A10000010000000000000023 /* AuthLoginView.swift in Sources */ = {isa = PBXBuildFile; fileRef = A10000020000000000000023 /* AuthLoginView.swift */; };
		A10000010000000000000024 /* AuthRegisterView.swift in Sources */ = {isa = PBXBuildFile; fileRef = A10000020000000000000024 /* AuthRegisterView.swift */; };
		A10000010000000000000025 /* RoomsView.swift in Sources */ = {isa = PBXBuildFile; fileRef = A10000020000000000000025 /* RoomsView.swift */; };
		A10000010000000000000026 /* AddRoomView.swift in Sources */ = {isa = PBXBuildFile; fileRef = A10000020000000000000026 /* AddRoomView.swift */; };
		A10000010000000000000027 /* RoomDetailView.swift in Sources */ = {isa = PBXBuildFile; fileRef = A10000020000000000000027 /* RoomDetailView.swift */; };
		A10000010000000000000028 /* AuthenticatedImage.swift in Sources */ = {isa = PBXBuildFile; fileRef = A10000020000000000000028 /* AuthenticatedImage.swift */; };
		A10000010000000000000029 /* ShoppableProduct.swift in Sources */ = {isa = PBXBuildFile; fileRef = A10000020000000000000029 /* ShoppableProduct.swift */; };
		A10000010000000000000030 /* ProductCatalog.swift in Sources */ = {isa = PBXBuildFile; fileRef = A10000020000000000000030 /* ProductCatalog.swift */; };
		A10000010000000000000031 /* MainTab.swift in Sources */ = {isa = PBXBuildFile; fileRef = A10000020000000000000031 /* MainTab.swift */; };
		A10000010000000000000032 /* DashboardStore.swift in Sources */ = {isa = PBXBuildFile; fileRef = A10000020000000000000032 /* DashboardStore.swift */; };
		A10000010000000000000033 /* MainTabView.swift in Sources */ = {isa = PBXBuildFile; fileRef = A10000020000000000000033 /* MainTabView.swift */; };
		A10000010000000000000034 /* HomeView.swift in Sources */ = {isa = PBXBuildFile; fileRef = A10000020000000000000034 /* HomeView.swift */; };
		A10000010000000000000035 /* AccountView.swift in Sources */ = {isa = PBXBuildFile; fileRef = A10000020000000000000035 /* AccountView.swift */; };
		A10000010000000000000036 /* RoomPreferences.swift in Sources */ = {isa = PBXBuildFile; fileRef = A10000020000000000000036 /* RoomPreferences.swift */; };
		A10000010000000000000037 /* RoomBriefCard.swift in Sources */ = {isa = PBXBuildFile; fileRef = A10000020000000000000037 /* RoomBriefCard.swift */; };
		A10000010000000000000038 /* RedesignGenerationStore.swift in Sources */ = {isa = PBXBuildFile; fileRef = A10000020000000000000038 /* RedesignGenerationStore.swift */; };
		A10000010000000000000039 /* GenerationStatusBanner.swift in Sources */ = {isa = PBXBuildFile; fileRef = A10000020000000000000039 /* GenerationStatusBanner.swift */; };
		A10000010000000000000040 /* PrivacyInfo.xcprivacy in Resources */ = {isa = PBXBuildFile; fileRef = A10000020000000000000040 /* PrivacyInfo.xcprivacy */; };
		A10000010000000000000047 /* MembershipStatus.swift in Sources */ = {isa = PBXBuildFile; fileRef = A10000020000000000000047 /* MembershipStatus.swift */; };
		A10000010000000000000041 /* SubscriptionProducts.swift in Sources */ = {isa = PBXBuildFile; fileRef = A10000020000000000000041 /* SubscriptionProducts.swift */; };
		A10000010000000000000042 /* LegalURLs.swift in Sources */ = {isa = PBXBuildFile; fileRef = A10000020000000000000042 /* LegalURLs.swift */; };
		A10000010000000000000043 /* SubscriptionManager.swift in Sources */ = {isa = PBXBuildFile; fileRef = A10000020000000000000043 /* SubscriptionManager.swift */; };
		A10000010000000000000044 /* MembershipView.swift in Sources */ = {isa = PBXBuildFile; fileRef = A10000020000000000000044 /* MembershipView.swift */; };
		A10000010000000000000045 /* MembershipPaywallSheet.swift in Sources */ = {isa = PBXBuildFile; fileRef = A10000020000000000000045 /* MembershipPaywallSheet.swift */; };
		A10000010000000000000056 /* LegalLinksFooter.swift in Sources */ = {isa = PBXBuildFile; fileRef = A10000020000000000000048 /* LegalLinksFooter.swift */; };
		A10000010000000000000057 /* AccountLegalLinksRow.swift in Sources */ = {isa = PBXBuildFile; fileRef = A10000020000000000000049 /* AccountLegalLinksRow.swift */; };
		A10000010000000000000058 /* EditNameSheet.swift in Sources */ = {isa = PBXBuildFile; fileRef = A10000020000000000000050 /* EditNameSheet.swift */; };
		A10000010000000000000059 /* ChangePasswordSheet.swift in Sources */ = {isa = PBXBuildFile; fileRef = A10000020000000000000051 /* ChangePasswordSheet.swift */; };
		A10000010000000000000060 /* LegalDocumentLayout.swift in Sources */ = {isa = PBXBuildFile; fileRef = A10000020000000000000052 /* LegalDocumentLayout.swift */; };
		A10000010000000000000061 /* PrivacyPolicyView.swift in Sources */ = {isa = PBXBuildFile; fileRef = A10000020000000000000053 /* PrivacyPolicyView.swift */; };
		A10000010000000000000062 /* TermsOfUseView.swift in Sources */ = {isa = PBXBuildFile; fileRef = A10000020000000000000054 /* TermsOfUseView.swift */; };
		A10000010000000000000063 /* SupportView.swift in Sources */ = {isa = PBXBuildFile; fileRef = A10000020000000000000055 /* SupportView.swift */; };
/* End PBXBuildFile section */

/* Begin PBXFileReference section */
		A10000020000000000000001 /* AtelierApp.swift */ = {isa = PBXFileReference; lastKnownFileType = sourcecode.swift; path = AtelierApp.swift; sourceTree = "<group>"; };
		A10000020000000000000002 /* LandingView.swift */ = {isa = PBXFileReference; lastKnownFileType = sourcecode.swift; path = LandingView.swift; sourceTree = "<group>"; };
		A10000020000000000000003 /* Assets.xcassets */ = {isa = PBXFileReference; lastKnownFileType = folder.assetcatalog; path = Assets.xcassets; sourceTree = "<group>"; };
		A10000020000000000000004 /* CameraPicker.swift */ = {isa = PBXFileReference; lastKnownFileType = sourcecode.swift; path = CameraPicker.swift; sourceTree = "<group>"; };
		A10000020000000000000005 /* StyleSelectionView.swift */ = {isa = PBXFileReference; lastKnownFileType = sourcecode.swift; path = StyleSelectionView.swift; sourceTree = "<group>"; };
		A10000020000000000000006 /* AppBackground.swift */ = {isa = PBXFileReference; lastKnownFileType = sourcecode.swift; path = AppBackground.swift; sourceTree = "<group>"; };
		A10000020000000000000007 /* DesignStyle.swift */ = {isa = PBXFileReference; lastKnownFileType = sourcecode.swift; path = DesignStyle.swift; sourceTree = "<group>"; };
		A10000020000000000000008 /* StyleCard.swift */ = {isa = PBXFileReference; lastKnownFileType = sourcecode.swift; path = StyleCard.swift; sourceTree = "<group>"; };
		A10000020000000000000009 /* RedesignSummaryView.swift */ = {isa = PBXFileReference; lastKnownFileType = sourcecode.swift; path = RedesignSummaryView.swift; sourceTree = "<group>"; };
		A10000020000000000000010 /* APIConfiguration.swift */ = {isa = PBXFileReference; lastKnownFileType = sourcecode.swift; path = APIConfiguration.swift; sourceTree = "<group>"; };
		A10000020000000000000011 /* AtelierAPIService.swift */ = {isa = PBXFileReference; lastKnownFileType = sourcecode.swift; path = AtelierAPIService.swift; sourceTree = "<group>"; };
		A10000020000000000000012 /* ImageProcessor.swift */ = {isa = PBXFileReference; lastKnownFileType = sourcecode.swift; path = ImageProcessor.swift; sourceTree = "<group>"; };
		A10000020000000000000013 /* GeneratingView.swift */ = {isa = PBXFileReference; lastKnownFileType = sourcecode.swift; path = GeneratingView.swift; sourceTree = "<group>"; };
		A10000020000000000000014 /* ResultsView.swift */ = {isa = PBXFileReference; lastKnownFileType = sourcecode.swift; path = ResultsView.swift; sourceTree = "<group>"; };
		A10000020000000000000015 /* Secrets.plist */ = {isa = PBXFileReference; lastKnownFileType = text.plist.xml; path = Secrets.plist; sourceTree = "<group>"; };
		A10000020000000000000016 /* AppRoute.swift */ = {isa = PBXFileReference; lastKnownFileType = sourcecode.swift; path = AppRoute.swift; sourceTree = "<group>"; };
		A10000020000000000000017 /* AppFlow.swift */ = {isa = PBXFileReference; lastKnownFileType = sourcecode.swift; path = AppFlow.swift; sourceTree = "<group>"; };
		A10000020000000000000018 /* BeforeAfterCompareView.swift */ = {isa = PBXFileReference; lastKnownFileType = sourcecode.swift; path = BeforeAfterCompareView.swift; sourceTree = "<group>"; };
		A10000020000000000000019 /* ShareSheet.swift */ = {isa = PBXFileReference; lastKnownFileType = sourcecode.swift; path = ShareSheet.swift; sourceTree = "<group>"; };
		A10000020000000000000020 /* SavedRoom.swift */ = {isa = PBXFileReference; lastKnownFileType = sourcecode.swift; path = SavedRoom.swift; sourceTree = "<group>"; };
		A10000020000000000000021 /* KeychainStore.swift */ = {isa = PBXFileReference; lastKnownFileType = sourcecode.swift; path = KeychainStore.swift; sourceTree = "<group>"; };
		A10000020000000000000022 /* AuthManager.swift */ = {isa = PBXFileReference; lastKnownFileType = sourcecode.swift; path = AuthManager.swift; sourceTree = "<group>"; };
		A10000020000000000000023 /* AuthLoginView.swift */ = {isa = PBXFileReference; lastKnownFileType = sourcecode.swift; path = AuthLoginView.swift; sourceTree = "<group>"; };
		A10000020000000000000024 /* AuthRegisterView.swift */ = {isa = PBXFileReference; lastKnownFileType = sourcecode.swift; path = AuthRegisterView.swift; sourceTree = "<group>"; };
		A10000020000000000000025 /* RoomsView.swift */ = {isa = PBXFileReference; lastKnownFileType = sourcecode.swift; path = RoomsView.swift; sourceTree = "<group>"; };
		A10000020000000000000026 /* AddRoomView.swift */ = {isa = PBXFileReference; lastKnownFileType = sourcecode.swift; path = AddRoomView.swift; sourceTree = "<group>"; };
		A10000020000000000000027 /* RoomDetailView.swift */ = {isa = PBXFileReference; lastKnownFileType = sourcecode.swift; path = RoomDetailView.swift; sourceTree = "<group>"; };
		A10000020000000000000028 /* AuthenticatedImage.swift */ = {isa = PBXFileReference; lastKnownFileType = sourcecode.swift; path = AuthenticatedImage.swift; sourceTree = "<group>"; };
		A10000020000000000000029 /* ShoppableProduct.swift */ = {isa = PBXFileReference; lastKnownFileType = sourcecode.swift; path = ShoppableProduct.swift; sourceTree = "<group>"; };
		A10000020000000000000030 /* ProductCatalog.swift */ = {isa = PBXFileReference; lastKnownFileType = sourcecode.swift; path = ProductCatalog.swift; sourceTree = "<group>"; };
		A10000020000000000000031 /* MainTab.swift */ = {isa = PBXFileReference; lastKnownFileType = sourcecode.swift; path = MainTab.swift; sourceTree = "<group>"; };
		A10000020000000000000032 /* DashboardStore.swift */ = {isa = PBXFileReference; lastKnownFileType = sourcecode.swift; path = DashboardStore.swift; sourceTree = "<group>"; };
		A10000020000000000000033 /* MainTabView.swift */ = {isa = PBXFileReference; lastKnownFileType = sourcecode.swift; path = MainTabView.swift; sourceTree = "<group>"; };
		A10000020000000000000034 /* HomeView.swift */ = {isa = PBXFileReference; lastKnownFileType = sourcecode.swift; path = HomeView.swift; sourceTree = "<group>"; };
		A10000020000000000000035 /* AccountView.swift */ = {isa = PBXFileReference; lastKnownFileType = sourcecode.swift; path = AccountView.swift; sourceTree = "<group>"; };
		A10000020000000000000036 /* RoomPreferences.swift */ = {isa = PBXFileReference; lastKnownFileType = sourcecode.swift; path = RoomPreferences.swift; sourceTree = "<group>"; };
		A10000020000000000000037 /* RoomBriefCard.swift */ = {isa = PBXFileReference; lastKnownFileType = sourcecode.swift; path = RoomBriefCard.swift; sourceTree = "<group>"; };
		A10000020000000000000038 /* RedesignGenerationStore.swift */ = {isa = PBXFileReference; lastKnownFileType = sourcecode.swift; path = RedesignGenerationStore.swift; sourceTree = "<group>"; };
		A10000020000000000000039 /* GenerationStatusBanner.swift */ = {isa = PBXFileReference; lastKnownFileType = sourcecode.swift; path = GenerationStatusBanner.swift; sourceTree = "<group>"; };
		A10000020000000000000040 /* PrivacyInfo.xcprivacy */ = {isa = PBXFileReference; lastKnownFileType = text.xml; path = PrivacyInfo.xcprivacy; sourceTree = "<group>"; };
		A10000020000000000000047 /* MembershipStatus.swift */ = {isa = PBXFileReference; lastKnownFileType = sourcecode.swift; path = MembershipStatus.swift; sourceTree = "<group>"; };
		A10000020000000000000041 /* SubscriptionProducts.swift */ = {isa = PBXFileReference; lastKnownFileType = sourcecode.swift; path = SubscriptionProducts.swift; sourceTree = "<group>"; };
		A10000020000000000000042 /* LegalURLs.swift */ = {isa = PBXFileReference; lastKnownFileType = sourcecode.swift; path = LegalURLs.swift; sourceTree = "<group>"; };
		A10000020000000000000043 /* SubscriptionManager.swift */ = {isa = PBXFileReference; lastKnownFileType = sourcecode.swift; path = SubscriptionManager.swift; sourceTree = "<group>"; };
		A10000020000000000000044 /* MembershipView.swift */ = {isa = PBXFileReference; lastKnownFileType = sourcecode.swift; path = MembershipView.swift; sourceTree = "<group>"; };
		A10000020000000000000045 /* MembershipPaywallSheet.swift */ = {isa = PBXFileReference; lastKnownFileType = sourcecode.swift; path = MembershipPaywallSheet.swift; sourceTree = "<group>"; };
		A10000020000000000000046 /* Atelier.storekit */ = {isa = PBXFileReference; lastKnownFileType = text; path = Atelier.storekit; sourceTree = "<group>"; };
		A10000020000000000000048 /* LegalLinksFooter.swift */ = {isa = PBXFileReference; lastKnownFileType = sourcecode.swift; path = LegalLinksFooter.swift; sourceTree = "<group>"; };
		A10000020000000000000049 /* AccountLegalLinksRow.swift */ = {isa = PBXFileReference; lastKnownFileType = sourcecode.swift; path = AccountLegalLinksRow.swift; sourceTree = "<group>"; };
		A10000020000000000000050 /* EditNameSheet.swift */ = {isa = PBXFileReference; lastKnownFileType = sourcecode.swift; path = EditNameSheet.swift; sourceTree = "<group>"; };
		A10000020000000000000051 /* ChangePasswordSheet.swift */ = {isa = PBXFileReference; lastKnownFileType = sourcecode.swift; path = ChangePasswordSheet.swift; sourceTree = "<group>"; };
		A10000020000000000000052 /* LegalDocumentLayout.swift */ = {isa = PBXFileReference; lastKnownFileType = sourcecode.swift; path = LegalDocumentLayout.swift; sourceTree = "<group>"; };
		A10000020000000000000053 /* PrivacyPolicyView.swift */ = {isa = PBXFileReference; lastKnownFileType = sourcecode.swift; path = PrivacyPolicyView.swift; sourceTree = "<group>"; };
		A10000020000000000000054 /* TermsOfUseView.swift */ = {isa = PBXFileReference; lastKnownFileType = sourcecode.swift; path = TermsOfUseView.swift; sourceTree = "<group>"; };
		A10000020000000000000055 /* SupportView.swift */ = {isa = PBXFileReference; lastKnownFileType = sourcecode.swift; path = SupportView.swift; sourceTree = "<group>"; };
		A10000030000000000000001 /* Atelier.app */ = {isa = PBXFileReference; explicitFileType = wrapper.application; includeInIndex = 0; path = Atelier.app; sourceTree = BUILT_PRODUCTS_DIR; };
/* End PBXFileReference section */

/* Begin PBXFrameworksBuildPhase section */
		A10000040000000000000001 /* Frameworks */ = {
			isa = PBXFrameworksBuildPhase;
			buildActionMask = 2147483647;
			files = (
			);
			runOnlyForDeploymentPostprocessing = 0;
		};
/* End PBXFrameworksBuildPhase section */

/* Begin PBXGroup section */
		A10000050000000000000001 = {
			isa = PBXGroup;
			children = (
				A10000050000000000000002 /* Atelier */,
				A10000020000000000000046 /* Atelier.storekit */,
				A10000050000000000000003 /* Products */,
			);
			sourceTree = "<group>";
		};
		A10000050000000000000002 /* Atelier */ = {
			isa = PBXGroup;
			children = (
				A10000020000000000000001 /* AtelierApp.swift */,
				A10000050000000000000007 /* Config */,
				A10000050000000000000008 /* Services */,
				A10000050000000000000009 /* Utilities */,
				A10000050000000000000006 /* Models */,
				A10000050000000000000005 /* Components */,
				A10000050000000000000004 /* Views */,
				A10000020000000000000003 /* Assets.xcassets */,
				A10000020000000000000040 /* PrivacyInfo.xcprivacy */,
			);
			path = Atelier;
			sourceTree = "<group>";
		};
		A10000050000000000000003 /* Products */ = {
			isa = PBXGroup;
			children = (
				A10000030000000000000001 /* Atelier.app */,
			);
			name = Products;
			sourceTree = "<group>";
		};
		A10000050000000000000004 /* Views */ = {
			isa = PBXGroup;
			children = (
				A10000020000000000000002 /* LandingView.swift */,
				A10000020000000000000033 /* MainTabView.swift */,
				A10000020000000000000034 /* HomeView.swift */,
				A10000020000000000000005 /* StyleSelectionView.swift */,
				A10000020000000000000009 /* RedesignSummaryView.swift */,
				A10000020000000000000013 /* GeneratingView.swift */,
				A10000020000000000000014 /* ResultsView.swift */,
				A10000020000000000000023 /* AuthLoginView.swift */,
				A10000020000000000000024 /* AuthRegisterView.swift */,
				A10000020000000000000025 /* RoomsView.swift */,
				A10000020000000000000035 /* AccountView.swift */,
				A10000020000000000000026 /* AddRoomView.swift */,
				A10000020000000000000027 /* RoomDetailView.swift */,
				A10000020000000000000044 /* MembershipView.swift */,
				A10000020000000000000045 /* MembershipPaywallSheet.swift */,
				A10000020000000000000050 /* EditNameSheet.swift */,
				A10000020000000000000051 /* ChangePasswordSheet.swift */,
				A10000020000000000000053 /* PrivacyPolicyView.swift */,
				A10000020000000000000054 /* TermsOfUseView.swift */,
				A10000020000000000000055 /* SupportView.swift */,
			);
			path = Views;
			sourceTree = "<group>";
		};
		A10000050000000000000005 /* Components */ = {
			isa = PBXGroup;
			children = (
				A10000020000000000000004 /* CameraPicker.swift */,
				A10000020000000000000006 /* AppBackground.swift */,
				A10000020000000000000008 /* StyleCard.swift */,
				A10000020000000000000018 /* BeforeAfterCompareView.swift */,
				A10000020000000000000019 /* ShareSheet.swift */,
				A10000020000000000000028 /* AuthenticatedImage.swift */,
				A10000020000000000000037 /* RoomBriefCard.swift */,
				A10000020000000000000039 /* GenerationStatusBanner.swift */,
				A10000020000000000000048 /* LegalLinksFooter.swift */,
				A10000020000000000000049 /* AccountLegalLinksRow.swift */,
				A10000020000000000000052 /* LegalDocumentLayout.swift */,
			);
			path = Components;
			sourceTree = "<group>";
		};
		A10000050000000000000006 /* Models */ = {
			isa = PBXGroup;
			children = (
				A10000020000000000000007 /* DesignStyle.swift */,
				A10000020000000000000016 /* AppRoute.swift */,
				A10000020000000000000017 /* AppFlow.swift */,
				A10000020000000000000020 /* SavedRoom.swift */,
				A10000020000000000000029 /* ShoppableProduct.swift */,
				A10000020000000000000031 /* MainTab.swift */,
				A10000020000000000000036 /* RoomPreferences.swift */,
				A10000020000000000000047 /* MembershipStatus.swift */,
			);
			path = Models;
			sourceTree = "<group>";
		};
		A10000050000000000000007 /* Config */ = {
			isa = PBXGroup;
			children = (
				A10000020000000000000015 /* Secrets.plist */,
				A10000020000000000000041 /* SubscriptionProducts.swift */,
				A10000020000000000000042 /* LegalURLs.swift */,
			);
			path = Config;
			sourceTree = "<group>";
		};
		A10000050000000000000008 /* Services */ = {
			isa = PBXGroup;
			children = (
				A10000020000000000000010 /* APIConfiguration.swift */,
				A10000020000000000000011 /* AtelierAPIService.swift */,
				A10000020000000000000021 /* KeychainStore.swift */,
				A10000020000000000000022 /* AuthManager.swift */,
				A10000020000000000000030 /* ProductCatalog.swift */,
				A10000020000000000000032 /* DashboardStore.swift */,
				A10000020000000000000038 /* RedesignGenerationStore.swift */,
				A10000020000000000000043 /* SubscriptionManager.swift */,
			);
			path = Services;
			sourceTree = "<group>";
		};
		A10000050000000000000009 /* Utilities */ = {
			isa = PBXGroup;
			children = (
				A10000020000000000000012 /* ImageProcessor.swift */,
			);
			path = Utilities;
			sourceTree = "<group>";
		};
/* End PBXGroup section */

/* Begin PBXNativeTarget section */
		A10000060000000000000001 /* Atelier */ = {
			isa = PBXNativeTarget;
			buildConfigurationList = A10000090000000000000003 /* Build configuration list for PBXNativeTarget "Atelier" */;
			buildPhases = (
				A10000070000000000000001 /* Sources */,
				A10000040000000000000001 /* Frameworks */,
				A10000080000000000000001 /* Resources */,
			);
			buildRules = (
			);
			dependencies = (
			);
			name = Atelier;
			productName = Atelier;
			productReference = A10000030000000000000001 /* Atelier.app */;
			productType = "com.apple.product-type.application";
		};
/* End PBXNativeTarget section */

/* Begin PBXProject section */
		A100000A0000000000000001 /* Project object */ = {
			isa = PBXProject;
			attributes = {
				BuildIndependentTargetsInParallel = 1;
				LastSwiftUpdateCheck = 1600;
				LastUpgradeCheck = 1600;
				TargetAttributes = {
					A10000060000000000000001 = {
						CreatedOnToolsVersion = 16.0;
						SystemCapabilities = {
							com.apple.InAppPurchase = {
								enabled = 1;
							};
						};
					};
				};
			};
			buildConfigurationList = A10000090000000000000001 /* Build configuration list for PBXProject "Atelier" */;
			compatibilityVersion = "Xcode 14.0";
			developmentRegion = en;
			hasScannedForEncodings = 0;
			knownRegions = (
				en,
				Base,
			);
			mainGroup = A10000050000000000000001;
			productRefGroup = A10000050000000000000003 /* Products */;
			projectDirPath = "";
			projectRoot = "";
			targets = (
				A10000060000000000000001 /* Atelier */,
			);
		};
/* End PBXProject section */

/* Begin PBXResourcesBuildPhase section */
		A10000080000000000000001 /* Resources */ = {
			isa = PBXResourcesBuildPhase;
			buildActionMask = 2147483647;
			files = (
				A10000010000000000000003 /* Assets.xcassets in Resources */,
				A10000010000000000000015 /* Secrets.plist in Resources */,
				A10000010000000000000040 /* PrivacyInfo.xcprivacy in Resources */,
			);
			runOnlyForDeploymentPostprocessing = 0;
		};
/* End PBXResourcesBuildPhase section */

/* Begin PBXSourcesBuildPhase section */
		A10000070000000000000001 /* Sources */ = {
			isa = PBXSourcesBuildPhase;
			buildActionMask = 2147483647;
			files = (
				A10000010000000000000001 /* AtelierApp.swift in Sources */,
				A10000010000000000000002 /* LandingView.swift in Sources */,
				A10000010000000000000004 /* CameraPicker.swift in Sources */,
				A10000010000000000000005 /* StyleSelectionView.swift in Sources */,
				A10000010000000000000006 /* AppBackground.swift in Sources */,
				A10000010000000000000007 /* DesignStyle.swift in Sources */,
				A10000010000000000000008 /* StyleCard.swift in Sources */,
				A10000010000000000000009 /* RedesignSummaryView.swift in Sources */,
				A10000010000000000000010 /* APIConfiguration.swift in Sources */,
				A10000010000000000000011 /* AtelierAPIService.swift in Sources */,
				A10000010000000000000012 /* ImageProcessor.swift in Sources */,
				A10000010000000000000013 /* GeneratingView.swift in Sources */,
				A10000010000000000000014 /* ResultsView.swift in Sources */,
				A10000010000000000000016 /* AppRoute.swift in Sources */,
				A10000010000000000000017 /* AppFlow.swift in Sources */,
				A10000010000000000000018 /* BeforeAfterCompareView.swift in Sources */,
				A10000010000000000000019 /* ShareSheet.swift in Sources */,
				A10000010000000000000020 /* SavedRoom.swift in Sources */,
				A10000010000000000000021 /* KeychainStore.swift in Sources */,
				A10000010000000000000022 /* AuthManager.swift in Sources */,
				A10000010000000000000023 /* AuthLoginView.swift in Sources */,
				A10000010000000000000024 /* AuthRegisterView.swift in Sources */,
				A10000010000000000000025 /* RoomsView.swift in Sources */,
				A10000010000000000000026 /* AddRoomView.swift in Sources */,
				A10000010000000000000027 /* RoomDetailView.swift in Sources */,
				A10000010000000000000028 /* AuthenticatedImage.swift in Sources */,
				A10000010000000000000029 /* ShoppableProduct.swift in Sources */,
				A10000010000000000000030 /* ProductCatalog.swift in Sources */,
				A10000010000000000000031 /* MainTab.swift in Sources */,
				A10000010000000000000032 /* DashboardStore.swift in Sources */,
				A10000010000000000000033 /* MainTabView.swift in Sources */,
				A10000010000000000000034 /* HomeView.swift in Sources */,
				A10000010000000000000035 /* AccountView.swift in Sources */,
				A10000010000000000000036 /* RoomPreferences.swift in Sources */,
				A10000010000000000000037 /* RoomBriefCard.swift in Sources */,
				A10000010000000000000038 /* RedesignGenerationStore.swift in Sources */,
				A10000010000000000000039 /* GenerationStatusBanner.swift in Sources */,
				A10000010000000000000047 /* MembershipStatus.swift in Sources */,
				A10000010000000000000041 /* SubscriptionProducts.swift in Sources */,
				A10000010000000000000042 /* LegalURLs.swift in Sources */,
				A10000010000000000000043 /* SubscriptionManager.swift in Sources */,
				A10000010000000000000044 /* MembershipView.swift in Sources */,
				A10000010000000000000045 /* MembershipPaywallSheet.swift in Sources */,
				A10000010000000000000056 /* LegalLinksFooter.swift in Sources */,
				A10000010000000000000057 /* AccountLegalLinksRow.swift in Sources */,
				A10000010000000000000058 /* EditNameSheet.swift in Sources */,
				A10000010000000000000059 /* ChangePasswordSheet.swift in Sources */,
				A10000010000000000000060 /* LegalDocumentLayout.swift in Sources */,
				A10000010000000000000061 /* PrivacyPolicyView.swift in Sources */,
				A10000010000000000000062 /* TermsOfUseView.swift in Sources */,
				A10000010000000000000063 /* SupportView.swift in Sources */,
			);
			runOnlyForDeploymentPostprocessing = 0;
		};
/* End PBXSourcesBuildPhase section */

/* Begin XCBuildConfiguration section */
		A100000B0000000000000001 /* Debug */ = {
			isa = XCBuildConfiguration;
			buildSettings = {
				ALWAYS_SEARCH_USER_PATHS = NO;
				ASSETCATALOG_COMPILER_GENERATE_SWIFT_ASSET_SYMBOL_EXTENSIONS = YES;
				CLANG_ANALYZER_NONNULL = YES;
				CLANG_ANALYZER_NUMBER_OBJECT_CONVERSION = YES_AGGRESSIVE;
				CLANG_CXX_LANGUAGE_STANDARD = "gnu++20";
				CLANG_ENABLE_MODULES = YES;
				CLANG_ENABLE_OBJC_ARC = YES;
				CLANG_ENABLE_OBJC_WEAK = YES;
				CLANG_WARN_BLOCK_CAPTURE_AUTORELEASING = YES;
				CLANG_WARN_BOOL_CONVERSION = YES;
				CLANG_WARN_COMMA = YES;
				CLANG_WARN_CONSTANT_CONVERSION = YES;
				CLANG_WARN_DEPRECATED_OBJC_IMPLEMENTATIONS = YES;
				CLANG_WARN_DIRECT_OBJC_ISA_USAGE = YES_ERROR;
				CLANG_WARN_DOCUMENTATION_COMMENTS = YES;
				CLANG_WARN_EMPTY_BODY = YES;
				CLANG_WARN_ENUM_CONVERSION = YES;
				CLANG_WARN_INFINITE_RECURSION = YES;
				CLANG_WARN_INT_CONVERSION = YES;
				CLANG_WARN_NON_LITERAL_NULL_CONVERSION = YES;
				CLANG_WARN_OBJC_IMPLICIT_RETAIN_SELF = YES;
				CLANG_WARN_OBJC_LITERAL_CONVERSION = YES;
				CLANG_WARN_OBJC_ROOT_CLASS = YES_ERROR;
				CLANG_WARN_QUOTED_INCLUDE_IN_FRAMEWORK_HEADER = YES;
				CLANG_WARN_RANGE_LOOP_ANALYSIS = YES;
				CLANG_WARN_STRICT_PROTOTYPES = YES;
				CLANG_WARN_SUSPICIOUS_MOVE = YES;
				CLANG_WARN_UNGUARDED_AVAILABILITY = YES_AGGRESSIVE;
				CLANG_WARN_UNREACHABLE_CODE = YES;
				CLANG_WARN__DUPLICATE_METHOD_MATCH = YES;
				COPY_PHASE_STRIP = NO;
				DEBUG_INFORMATION_FORMAT = dwarf;
				ENABLE_STRICT_OBJC_MSGSEND = YES;
				ENABLE_TESTABILITY = YES;
				ENABLE_USER_SCRIPT_SANDBOXING = YES;
				GCC_C_LANGUAGE_STANDARD = gnu17;
				GCC_DYNAMIC_NO_PIC = NO;
				GCC_NO_COMMON_BLOCKS = YES;
				GCC_OPTIMIZATION_LEVEL = 0;
				GCC_PREPROCESSOR_DEFINITIONS = (
					"DEBUG=1",
					"$(inherited)",
				);
				GCC_WARN_64_TO_32_BIT_CONVERSION = YES;
				GCC_WARN_ABOUT_RETURN_TYPE = YES_ERROR;
				GCC_WARN_UNDECLARED_SELECTOR = YES;
				GCC_WARN_UNINITIALIZED_AUTOS = YES_AGGRESSIVE;
				GCC_WARN_UNUSED_FUNCTION = YES;
				GCC_WARN_UNUSED_VARIABLE = YES;
				IPHONEOS_DEPLOYMENT_TARGET = 17.0;
				LOCALIZATION_PREFERS_STRING_CATALOGS = YES;
				MTL_ENABLE_DEBUG_INFO = INCLUDE_SOURCE;
				MTL_FAST_MATH = YES;
				ONLY_ACTIVE_ARCH = YES;
				SDKROOT = iphoneos;
				SWIFT_ACTIVE_COMPILATION_CONDITIONS = "DEBUG $(inherited)";
				SWIFT_OPTIMIZATION_LEVEL = "-Onone";
			};
			name = Debug;
		};
		A100000B0000000000000002 /* Release */ = {
			isa = XCBuildConfiguration;
			buildSettings = {
				ALWAYS_SEARCH_USER_PATHS = NO;
				ASSETCATALOG_COMPILER_GENERATE_SWIFT_ASSET_SYMBOL_EXTENSIONS = YES;
				CLANG_ANALYZER_NONNULL = YES;
				CLANG_ANALYZER_NUMBER_OBJECT_CONVERSION = YES_AGGRESSIVE;
				CLANG_CXX_LANGUAGE_STANDARD = "gnu++20";
				CLANG_ENABLE_MODULES = YES;
				CLANG_ENABLE_OBJC_ARC = YES;
				CLANG_ENABLE_OBJC_WEAK = YES;
				CLANG_WARN_BLOCK_CAPTURE_AUTORELEASING = YES;
				CLANG_WARN_BOOL_CONVERSION = YES;
				CLANG_WARN_COMMA = YES;
				CLANG_WARN_CONSTANT_CONVERSION = YES;
				CLANG_WARN_DEPRECATED_OBJC_IMPLEMENTATIONS = YES;
				CLANG_WARN_DIRECT_OBJC_ISA_USAGE = YES_ERROR;
				CLANG_WARN_DOCUMENTATION_COMMENTS = YES;
				CLANG_WARN_EMPTY_BODY = YES;
				CLANG_WARN_ENUM_CONVERSION = YES;
				CLANG_WARN_INFINITE_RECURSION = YES;
				CLANG_WARN_INT_CONVERSION = YES;
				CLANG_WARN_NON_LITERAL_NULL_CONVERSION = YES;
				CLANG_WARN_OBJC_IMPLICIT_RETAIN_SELF = YES;
				CLANG_WARN_OBJC_LITERAL_CONVERSION = YES;
				CLANG_WARN_OBJC_ROOT_CLASS = YES_ERROR;
				CLANG_WARN_QUOTED_INCLUDE_IN_FRAMEWORK_HEADER = YES;
				CLANG_WARN_RANGE_LOOP_ANALYSIS = YES;
				CLANG_WARN_STRICT_PROTOTYPES = YES;
				CLANG_WARN_SUSPICIOUS_MOVE = YES;
				CLANG_WARN_UNGUARDED_AVAILABILITY = YES_AGGRESSIVE;
				CLANG_WARN_UNREACHABLE_CODE = YES;
				CLANG_WARN__DUPLICATE_METHOD_MATCH = YES;
				COPY_PHASE_STRIP = NO;
				DEBUG_INFORMATION_FORMAT = "dwarf-with-dsym";
				ENABLE_NS_ASSERTIONS = NO;
				ENABLE_STRICT_OBJC_MSGSEND = YES;
				ENABLE_USER_SCRIPT_SANDBOXING = YES;
				GCC_C_LANGUAGE_STANDARD = gnu17;
				GCC_NO_COMMON_BLOCKS = YES;
				GCC_WARN_64_TO_32_BIT_CONVERSION = YES;
				GCC_WARN_ABOUT_RETURN_TYPE = YES_ERROR;
				GCC_WARN_UNDECLARED_SELECTOR = YES;
				GCC_WARN_UNINITIALIZED_AUTOS = YES_AGGRESSIVE;
				GCC_WARN_UNUSED_FUNCTION = YES;
				GCC_WARN_UNUSED_VARIABLE = YES;
				IPHONEOS_DEPLOYMENT_TARGET = 17.0;
				LOCALIZATION_PREFERS_STRING_CATALOGS = YES;
				MTL_ENABLE_DEBUG_INFO = NO;
				MTL_FAST_MATH = YES;
				SDKROOT = iphoneos;
				SWIFT_COMPILATION_MODE = wholemodule;
				VALIDATE_PRODUCT = YES;
			};
			name = Release;
		};
		A100000B0000000000000003 /* Debug */ = {
			isa = XCBuildConfiguration;
			buildSettings = {
				ASSETCATALOG_COMPILER_APPICON_NAME = AppIcon;
				ASSETCATALOG_COMPILER_GLOBAL_ACCENT_COLOR_NAME = AccentColor;
				CODE_SIGN_STYLE = Automatic;
				CURRENT_PROJECT_VERSION = 1;
				DEVELOPMENT_TEAM = "";
				ENABLE_PREVIEWS = YES;
				GENERATE_INFOPLIST_FILE = YES;
				INFOPLIST_KEY_CFBundleDisplayName = Atelier;
				INFOPLIST_KEY_ITSAppUsesNonExemptEncryption = NO;
				INFOPLIST_KEY_NSCameraUsageDescription = "Atelier uses the camera to photograph your room for redesign.";
				INFOPLIST_KEY_NSPhotoLibraryAddUsageDescription = "Atelier saves your redesigned room to your photo library.";
				INFOPLIST_KEY_NSPhotoLibraryUsageDescription = "Atelier needs access to your photos so you can select a room image.";
				INFOPLIST_KEY_UIApplicationSceneManifest_Generation = YES;
				INFOPLIST_KEY_UIApplicationSupportsIndirectInputEvents = YES;
				INFOPLIST_KEY_UILaunchScreen_Generation = YES;
				INFOPLIST_KEY_UISupportedInterfaceOrientations = UIInterfaceOrientationPortrait;
				LD_RUNPATH_SEARCH_PATHS = (
					"$(inherited)",
					"@executable_path/Frameworks",
				);
				MARKETING_VERSION = 1.0;
				PRODUCT_BUNDLE_IDENTIFIER = com.atelier.interiordesign;
				PRODUCT_NAME = "$(TARGET_NAME)";
				SUPPORTED_PLATFORMS = "iphoneos iphonesimulator";
				SUPPORTS_MACCATALYST = NO;
				SWIFT_EMIT_LOC_STRINGS = YES;
				SWIFT_VERSION = 5.0;
				TARGETED_DEVICE_FAMILY = 1;
			};
			name = Debug;
		};
		A100000B0000000000000004 /* Release */ = {
			isa = XCBuildConfiguration;
			buildSettings = {
				ASSETCATALOG_COMPILER_APPICON_NAME = AppIcon;
				ASSETCATALOG_COMPILER_GLOBAL_ACCENT_COLOR_NAME = AccentColor;
				CODE_SIGN_STYLE = Automatic;
				CURRENT_PROJECT_VERSION = 1;
				DEVELOPMENT_TEAM = "";
				ENABLE_PREVIEWS = YES;
				GENERATE_INFOPLIST_FILE = YES;
				INFOPLIST_KEY_CFBundleDisplayName = Atelier;
				INFOPLIST_KEY_ITSAppUsesNonExemptEncryption = NO;
				INFOPLIST_KEY_NSCameraUsageDescription = "Atelier uses the camera to photograph your room for redesign.";
				INFOPLIST_KEY_NSPhotoLibraryAddUsageDescription = "Atelier saves your redesigned room to your photo library.";
				INFOPLIST_KEY_NSPhotoLibraryUsageDescription = "Atelier needs access to your photos so you can select a room image.";
				INFOPLIST_KEY_UIApplicationSceneManifest_Generation = YES;
				INFOPLIST_KEY_UIApplicationSupportsIndirectInputEvents = YES;
				INFOPLIST_KEY_UILaunchScreen_Generation = YES;
				INFOPLIST_KEY_UISupportedInterfaceOrientations = UIInterfaceOrientationPortrait;
				LD_RUNPATH_SEARCH_PATHS = (
					"$(inherited)",
					"@executable_path/Frameworks",
				);
				MARKETING_VERSION = 1.0;
				PRODUCT_BUNDLE_IDENTIFIER = com.atelier.interiordesign;
				PRODUCT_NAME = "$(TARGET_NAME)";
				SUPPORTED_PLATFORMS = "iphoneos iphonesimulator";
				SUPPORTS_MACCATALYST = NO;
				SWIFT_EMIT_LOC_STRINGS = YES;
				SWIFT_VERSION = 5.0;
				TARGETED_DEVICE_FAMILY = 1;
			};
			name = Release;
		};
/* End XCBuildConfiguration section */

/* Begin XCConfigurationList section */
		A10000090000000000000001 /* Build configuration list for PBXProject "Atelier" */ = {
			isa = XCConfigurationList;
			buildConfigurations = (
				A100000B0000000000000001 /* Debug */,
				A100000B0000000000000002 /* Release */,
			);
			defaultConfigurationIsVisible = 0;
			defaultConfigurationName = Release;
		};
		A10000090000000000000003 /* Build configuration list for PBXNativeTarget "Atelier" */ = {
			isa = XCConfigurationList;
			buildConfigurations = (
				A100000B0000000000000003 /* Debug */,
				A100000B0000000000000004 /* Release */,
			);
			defaultConfigurationIsVisible = 0;
			defaultConfigurationName = Release;
		};
/* End XCConfigurationList section */
	};
	rootObject = A100000A0000000000000001 /* Project object */;
}
